
Microsoft Visual Studio Solution File, Format Version 12.00
# Visual Studio Version 16
VisualStudioVersion = 16.0.30503.244
MinimumVisualStudioVersion = 10.0.40219.1
Project("{8BC9CEB8-8B4A-11D0-8D11-00A0C91BC942}") = "GameServer", "GameServer\GameServer.vcxproj", "{1033F742-ADB3-EB20-C541-6B53E9F0E077}"
EndProject
Global
	GlobalSection(SolutionConfigurationPlatforms) = preSolution
		CHS_Debug|x86 = CHS_Debug|x86
		CHS|x86 = CHS|x86
		CHSCS_Debug|x86 = CHSCS_Debug|x86
		CHSCS|x86 = CHSCS|x86
		Debug|x86 = Debug|x86
		DebugRelease|x86 = DebugRelease|x86
		JPN_Debug|x86 = JPN_Debug|x86
		JPN|x86 = JPN|x86
		JPNCS_Debug|x86 = JPNCS_Debug|x86
		JPNCS|x86 = JPNCS|x86
		KOR_CHECKSUM|x86 = KOR_CHECKSUM|x86
		KOR_Debug|x86 = KOR_Debug|x86
		KOR_N|x86 = KOR_N|x86
		KOR|x86 = KOR|x86
		KORCS_Debug|x86 = KORCS_Debug|x86
		KORCS_N|x86 = KORCS_N|x86
		KORCS|x86 = KORCS|x86
		KORTest_CHECKSUM|x86 = KORTest_CHECKSUM|x86
		KORTest_Debug|x86 = KORTest_Debug|x86
		KORTest|x86 = KORTest|x86
		KORTestCS_Debug|x86 = KORTestCS_Debug|x86
		KORTestCS|x86 = KORTestCS|x86
		Release|x86 = Release|x86
		TAI_Debug|x86 = TAI_Debug|x86
		TAI|x86 = TAI|x86
		TAICS_Debug|x86 = TAICS_Debug|x86
		TAICS|x86 = TAICS|x86
		TAIFree|x86 = TAIFree|x86
		TAIFreeCS|x86 = TAIFreeCS|x86
		USA_Debug|x86 = USA_Debug|x86
		USA|x86 = USA|x86
		USACS_Debug|x86 = USACS_Debug|x86
		USACS|x86 = USACS|x86
		VIE_Debug|x86 = VIE_Debug|x86
		VIE|x86 = VIE|x86
		VIECS_Debug|x86 = VIECS_Debug|x86
		VIECS|x86 = VIECS|x86
	EndGlobalSection
	GlobalSection(ProjectConfigurationPlatforms) = postSolution
		{1033F742-ADB3-EB20-C541-6B53E9F0E077}.CHS_Debug|x86.ActiveCfg = CHS_Debug|Win32
		{1033F742-ADB3-EB20-C541-6B53E9F0E077}.CHS_Debug|x86.Build.0 = CHS_Debug|Win32
		{1033F742-ADB3-EB20-C541-6B53E9F0E077}.CHS|x86.ActiveCfg = CHS|Win32
		{1033F742-ADB3-EB20-C541-6B53E9F0E077}.CHS|x86.Build.0 = CHS|Win32
		{1033F742-ADB3-EB20-C541-6B53E9F0E077}.CHSCS_Debug|x86.ActiveCfg = CHSCS_Debug|Win32
		{1033F742-ADB3-EB20-C541-6B53E9F0E077}.CHSCS_Debug|x86.Build.0 = CHSCS_Debug|Win32
		{1033F742-ADB3-EB20-C541-6B53E9F0E077}.CHSCS|x86.ActiveCfg = CHSCS|Win32
		{1033F742-ADB3-EB20-C541-6B53E9F0E077}.CHSCS|x86.Build.0 = CHSCS|Win32
		{1033F742-ADB3-EB20-C541-6B53E9F0E077}.Debug|x86.ActiveCfg = Debug|Win32
		{1033F742-ADB3-EB20-C541-6B53E9F0E077}.Debug|x86.Build.0 = Debug|Win32
		{1033F742-ADB3-EB20-C541-6B53E9F0E077}.DebugRelease|x86.ActiveCfg = DebugRelease|Win32
		{1033F742-ADB3-EB20-C541-6B53E9F0E077}.DebugRelease|x86.Build.0 = DebugRelease|Win32
		{1033F742-ADB3-EB20-C541-6B53E9F0E077}.JPN_Debug|x86.ActiveCfg = JPN_Debug|Win32
		{1033F742-ADB3-EB20-C541-6B53E9F0E077}.JPN_Debug|x86.Build.0 = JPN_Debug|Win32
		{1033F742-ADB3-EB20-C541-6B53E9F0E077}.JPN|x86.ActiveCfg = JPN|Win32
		{1033F742-ADB3-EB20-C541-6B53E9F0E077}.JPN|x86.Build.0 = JPN|Win32
		{1033F742-ADB3-EB20-C541-6B53E9F0E077}.JPNCS_Debug|x86.ActiveCfg = JPNCS_Debug|Win32
		{1033F742-ADB3-EB20-C541-6B53E9F0E077}.JPNCS_Debug|x86.Build.0 = JPNCS_Debug|Win32
		{1033F742-ADB3-EB20-C541-6B53E9F0E077}.JPNCS|x86.ActiveCfg = JPNCS|Win32
		{1033F742-ADB3-EB20-C541-6B53E9F0E077}.JPNCS|x86.Build.0 = JPNCS|Win32
		{1033F742-ADB3-EB20-C541-6B53E9F0E077}.KOR_CHECKSUM|x86.ActiveCfg = KOR_CHECKSUM|Win32
		{1033F742-ADB3-EB20-C541-6B53E9F0E077}.KOR_CHECKSUM|x86.Build.0 = KOR_CHECKSUM|Win32
		{1033F742-ADB3-EB20-C541-6B53E9F0E077}.KOR_Debug|x86.ActiveCfg = KOR_Debug|Win32
		{1033F742-ADB3-EB20-C541-6B53E9F0E077}.KOR_Debug|x86.Build.0 = KOR_Debug|Win32
		{1033F742-ADB3-EB20-C541-6B53E9F0E077}.KOR_N|x86.ActiveCfg = KOR_N|Win32
		{1033F742-ADB3-EB20-C541-6B53E9F0E077}.KOR_N|x86.Build.0 = KOR_N|Win32
		{1033F742-ADB3-EB20-C541-6B53E9F0E077}.KOR|x86.ActiveCfg = KOR|Win32
		{1033F742-ADB3-EB20-C541-6B53E9F0E077}.KOR|x86.Build.0 = KOR|Win32
		{1033F742-ADB3-EB20-C541-6B53E9F0E077}.KORCS_Debug|x86.ActiveCfg = KORCS_Debug|Win32
		{1033F742-ADB3-EB20-C541-6B53E9F0E077}.KORCS_Debug|x86.Build.0 = KORCS_Debug|Win32
		{1033F742-ADB3-EB20-C541-6B53E9F0E077}.KORCS_N|x86.ActiveCfg = KORCS_N|Win32
		{1033F742-ADB3-EB20-C541-6B53E9F0E077}.KORCS_N|x86.Build.0 = KORCS_N|Win32
		{1033F742-ADB3-EB20-C541-6B53E9F0E077}.KORCS|x86.ActiveCfg = KORCS|Win32
		{1033F742-ADB3-EB20-C541-6B53E9F0E077}.KORCS|x86.Build.0 = KORCS|Win32
		{1033F742-ADB3-EB20-C541-6B53E9F0E077}.KORTest_CHECKSUM|x86.ActiveCfg = KORTest_CHECKSUM|Win32
		{1033F742-ADB3-EB20-C541-6B53E9F0E077}.KORTest_CHECKSUM|x86.Build.0 = KORTest_CHECKSUM|Win32
		{1033F742-ADB3-EB20-C541-6B53E9F0E077}.KORTest_Debug|x86.ActiveCfg = KORTest_Debug|Win32
		{1033F742-ADB3-EB20-C541-6B53E9F0E077}.KORTest_Debug|x86.Build.0 = KORTest_Debug|Win32
		{1033F742-ADB3-EB20-C541-6B53E9F0E077}.KORTest|x86.ActiveCfg = KORTest|Win32
		{1033F742-ADB3-EB20-C541-6B53E9F0E077}.KORTest|x86.Build.0 = KORTest|Win32
		{1033F742-ADB3-EB20-C541-6B53E9F0E077}.KORTestCS_Debug|x86.ActiveCfg = KORTestCS_Debug|Win32
		{1033F742-ADB3-EB20-C541-6B53E9F0E077}.KORTestCS_Debug|x86.Build.0 = KORTestCS_Debug|Win32
		{1033F742-ADB3-EB20-C541-6B53E9F0E077}.KORTestCS|x86.ActiveCfg = KORTestCS|Win32
		{1033F742-ADB3-EB20-C541-6B53E9F0E077}.KORTestCS|x86.Build.0 = KORTestCS|Win32
		{1033F742-ADB3-EB20-C541-6B53E9F0E077}.Release|x86.ActiveCfg = Release|Win32
		{1033F742-ADB3-EB20-C541-6B53E9F0E077}.Release|x86.Build.0 = Release|Win32
		{1033F742-ADB3-EB20-C541-6B53E9F0E077}.TAI_Debug|x86.ActiveCfg = TAI_Debug|Win32
		{1033F742-ADB3-EB20-C541-6B53E9F0E077}.TAI_Debug|x86.Build.0 = TAI_Debug|Win32
		{1033F742-ADB3-EB20-C541-6B53E9F0E077}.TAI|x86.ActiveCfg = TAI|Win32
		{1033F742-ADB3-EB20-C541-6B53E9F0E077}.TAI|x86.Build.0 = TAI|Win32
		{1033F742-ADB3-EB20-C541-6B53E9F0E077}.TAICS_Debug|x86.ActiveCfg = TAICS_Debug|Win32
		{1033F742-ADB3-EB20-C541-6B53E9F0E077}.TAICS_Debug|x86.Build.0 = TAICS_Debug|Win32
		{1033F742-ADB3-EB20-C541-6B53E9F0E077}.TAICS|x86.ActiveCfg = TAICS|Win32
		{1033F742-ADB3-EB20-C541-6B53E9F0E077}.TAICS|x86.Build.0 = TAICS|Win32
		{1033F742-ADB3-EB20-C541-6B53E9F0E077}.TAIFree|x86.ActiveCfg = TAIFree|Win32
		{1033F742-ADB3-EB20-C541-6B53E9F0E077}.TAIFree|x86.Build.0 = TAIFree|Win32
		{1033F742-ADB3-EB20-C541-6B53E9F0E077}.TAIFreeCS|x86.ActiveCfg = TAIFreeCS|Win32
		{1033F742-ADB3-EB20-C541-6B53E9F0E077}.TAIFreeCS|x86.Build.0 = TAIFreeCS|Win32
		{1033F742-ADB3-EB20-C541-6B53E9F0E077}.USA_Debug|x86.ActiveCfg = USA_Debug|Win32
		{1033F742-ADB3-EB20-C541-6B53E9F0E077}.USA_Debug|x86.Build.0 = USA_Debug|Win32
		{1033F742-ADB3-EB20-C541-6B53E9F0E077}.USA|x86.ActiveCfg = USA|Win32
		{1033F742-ADB3-EB20-C541-6B53E9F0E077}.USA|x86.Build.0 = USA|Win32
		{1033F742-ADB3-EB20-C541-6B53E9F0E077}.USACS_Debug|x86.ActiveCfg = USACS_Debug|Win32
		{1033F742-ADB3-EB20-C541-6B53E9F0E077}.USACS_Debug|x86.Build.0 = USACS_Debug|Win32
		{1033F742-ADB3-EB20-C541-6B53E9F0E077}.USACS|x86.ActiveCfg = USACS|Win32
		{1033F742-ADB3-EB20-C541-6B53E9F0E077}.USACS|x86.Build.0 = USACS|Win32
		{1033F742-ADB3-EB20-C541-6B53E9F0E077}.VIE_Debug|x86.ActiveCfg = VIE_Debug|Win32
		{1033F742-ADB3-EB20-C541-6B53E9F0E077}.VIE_Debug|x86.Build.0 = VIE_Debug|Win32
		{1033F742-ADB3-EB20-C541-6B53E9F0E077}.VIE|x86.ActiveCfg = VIE|Win32
		{1033F742-ADB3-EB20-C541-6B53E9F0E077}.VIE|x86.Build.0 = VIE|Win32
		{1033F742-ADB3-EB20-C541-6B53E9F0E077}.VIECS_Debug|x86.ActiveCfg = VIECS_Debug|Win32
		{1033F742-ADB3-EB20-C541-6B53E9F0E077}.VIECS_Debug|x86.Build.0 = VIECS_Debug|Win32
		{1033F742-ADB3-EB20-C541-6B53E9F0E077}.VIECS|x86.ActiveCfg = VIECS|Win32
		{1033F742-ADB3-EB20-C541-6B53E9F0E077}.VIECS|x86.Build.0 = VIECS|Win32
	EndGlobalSection
	GlobalSection(SolutionProperties) = preSolution
		HideSolutionNode = FALSE
	EndGlobalSection
	GlobalSection(ExtensibilityGlobals) = postSolution
		SolutionGuid = {E4042C91-4D37-42E4-BA74-F6C5182B680E}
	EndGlobalSection
EndGlobal
