
Microsoft Visual Studio Solution File, Format Version 11.00
# Visual Studio 2010
Project("{8BC9CEB8-8B4A-11D0-8D11-00A0C91BC942}") = "GameServer", "GameServer.vcxproj", "{1033F742-ADB3-EB20-C541-6B53E9F0E077}"
EndProject
Global
	GlobalSection(SolutionConfigurationPlatforms) = preSolution
		CHS_Debug|Win32 = CHS_Debug|Win32
		CHS|Win32 = CHS|Win32
		CHSCS_Debug|Win32 = CHSCS_Debug|Win32
		CHSCS|Win32 = CHSCS|Win32
		Debug|Win32 = Debug|Win32
		DebugRelease|Win32 = DebugRelease|Win32
		JPN_Debug|Win32 = JPN_Debug|Win32
		JPN|Win32 = JPN|Win32
		JPNCS_Debug|Win32 = JPNCS_Debug|Win32
		JPNCS|Win32 = JPNCS|Win32
		KOR_CHECKSUM|Win32 = KOR_CHECKSUM|Win32
		KOR_Debug|Win32 = KOR_Debug|Win32
		KOR_N|Win32 = KOR_N|Win32
		KOR|Win32 = KOR|Win32
		KORCS_Debug|Win32 = KORCS_Debug|Win32
		KORCS_N|Win32 = KORCS_N|Win32
		KORCS|Win32 = KORCS|Win32
		KORTest_CHECKSUM|Win32 = KORTest_CHECKSUM|Win32
		KORTest_Debug|Win32 = KORTest_Debug|Win32
		KORTest|Win32 = KORTest|Win32
		KORTestCS_Debug|Win32 = KORTestCS_Debug|Win32
		KORTestCS|Win32 = KORTestCS|Win32
		Release|Win32 = Release|Win32
		TAI_Debug|Win32 = TAI_Debug|Win32
		TAI|Win32 = TAI|Win32
		TAICS_Debug|Win32 = TAICS_Debug|Win32
		TAICS|Win32 = TAICS|Win32
		TAIFree|Win32 = TAIFree|Win32
		TAIFreeCS|Win32 = TAIFreeCS|Win32
		USA_Debug|Win32 = USA_Debug|Win32
		USA|Win32 = USA|Win32
		USACS_Debug|Win32 = USACS_Debug|Win32
		USACS|Win32 = USACS|Win32
		VIE_Debug|Win32 = VIE_Debug|Win32
		VIE|Win32 = VIE|Win32
		VIECS_Debug|Win32 = VIECS_Debug|Win32
		VIECS|Win32 = VIECS|Win32
	EndGlobalSection
	GlobalSection(ProjectConfigurationPlatforms) = postSolution
		{1033F742-ADB3-EB20-C541-6B53E9F0E077}.CHS_Debug|Win32.ActiveCfg = CHS_Debug|Win32
		{1033F742-ADB3-EB20-C541-6B53E9F0E077}.CHS_Debug|Win32.Build.0 = CHS_Debug|Win32
		{1033F742-ADB3-EB20-C541-6B53E9F0E077}.CHS|Win32.ActiveCfg = CHS|Win32
		{1033F742-ADB3-EB20-C541-6B53E9F0E077}.CHS|Win32.Build.0 = CHS|Win32
		{1033F742-ADB3-EB20-C541-6B53E9F0E077}.CHSCS_Debug|Win32.ActiveCfg = CHSCS_Debug|Win32
		{1033F742-ADB3-EB20-C541-6B53E9F0E077}.CHSCS_Debug|Win32.Build.0 = CHSCS_Debug|Win32
		{1033F742-ADB3-EB20-C541-6B53E9F0E077}.CHSCS|Win32.ActiveCfg = CHSCS|Win32
		{1033F742-ADB3-EB20-C541-6B53E9F0E077}.CHSCS|Win32.Build.0 = CHSCS|Win32
		{1033F742-ADB3-EB20-C541-6B53E9F0E077}.Debug|Win32.ActiveCfg = Debug|Win32
		{1033F742-ADB3-EB20-C541-6B53E9F0E077}.Debug|Win32.Build.0 = Debug|Win32
		{1033F742-ADB3-EB20-C541-6B53E9F0E077}.DebugRelease|Win32.ActiveCfg = DebugRelease|Win32
		{1033F742-ADB3-EB20-C541-6B53E9F0E077}.DebugRelease|Win32.Build.0 = DebugRelease|Win32
		{1033F742-ADB3-EB20-C541-6B53E9F0E077}.JPN_Debug|Win32.ActiveCfg = JPN_Debug|Win32
		{1033F742-ADB3-EB20-C541-6B53E9F0E077}.JPN_Debug|Win32.Build.0 = JPN_Debug|Win32
		{1033F742-ADB3-EB20-C541-6B53E9F0E077}.JPN|Win32.ActiveCfg = JPN|Win32
		{1033F742-ADB3-EB20-C541-6B53E9F0E077}.JPN|Win32.Build.0 = JPN|Win32
		{1033F742-ADB3-EB20-C541-6B53E9F0E077}.JPNCS_Debug|Win32.ActiveCfg = JPNCS_Debug|Win32
		{1033F742-ADB3-EB20-C541-6B53E9F0E077}.JPNCS_Debug|Win32.Build.0 = JPNCS_Debug|Win32
		{1033F742-ADB3-EB20-C541-6B53E9F0E077}.JPNCS|Win32.ActiveCfg = JPNCS|Win32
		{1033F742-ADB3-EB20-C541-6B53E9F0E077}.JPNCS|Win32.Build.0 = JPNCS|Win32
		{1033F742-ADB3-EB20-C541-6B53E9F0E077}.KOR_CHECKSUM|Win32.ActiveCfg = KOR_CHECKSUM|Win32
		{1033F742-ADB3-EB20-C541-6B53E9F0E077}.KOR_CHECKSUM|Win32.Build.0 = KOR_CHECKSUM|Win32
		{1033F742-ADB3-EB20-C541-6B53E9F0E077}.KOR_Debug|Win32.ActiveCfg = KOR_Debug|Win32
		{1033F742-ADB3-EB20-C541-6B53E9F0E077}.KOR_Debug|Win32.Build.0 = KOR_Debug|Win32
		{1033F742-ADB3-EB20-C541-6B53E9F0E077}.KOR_N|Win32.ActiveCfg = KOR_N|Win32
		{1033F742-ADB3-EB20-C541-6B53E9F0E077}.KOR_N|Win32.Build.0 = KOR_N|Win32
		{1033F742-ADB3-EB20-C541-6B53E9F0E077}.KOR|Win32.ActiveCfg = KOR|Win32
		{1033F742-ADB3-EB20-C541-6B53E9F0E077}.KOR|Win32.Build.0 = KOR|Win32
		{1033F742-ADB3-EB20-C541-6B53E9F0E077}.KORCS_Debug|Win32.ActiveCfg = KORCS_Debug|Win32
		{1033F742-ADB3-EB20-C541-6B53E9F0E077}.KORCS_Debug|Win32.Build.0 = KORCS_Debug|Win32
		{1033F742-ADB3-EB20-C541-6B53E9F0E077}.KORCS_N|Win32.ActiveCfg = KORCS_N|Win32
		{1033F742-ADB3-EB20-C541-6B53E9F0E077}.KORCS_N|Win32.Build.0 = KORCS_N|Win32
		{1033F742-ADB3-EB20-C541-6B53E9F0E077}.KORCS|Win32.ActiveCfg = KORCS|Win32
		{1033F742-ADB3-EB20-C541-6B53E9F0E077}.KORCS|Win32.Build.0 = KORCS|Win32
		{1033F742-ADB3-EB20-C541-6B53E9F0E077}.KORTest_CHECKSUM|Win32.ActiveCfg = KORTest_CHECKSUM|Win32
		{1033F742-ADB3-EB20-C541-6B53E9F0E077}.KORTest_CHECKSUM|Win32.Build.0 = KORTest_CHECKSUM|Win32
		{1033F742-ADB3-EB20-C541-6B53E9F0E077}.KORTest_Debug|Win32.ActiveCfg = KORTest_Debug|Win32
		{1033F742-ADB3-EB20-C541-6B53E9F0E077}.KORTest_Debug|Win32.Build.0 = KORTest_Debug|Win32
		{1033F742-ADB3-EB20-C541-6B53E9F0E077}.KORTest|Win32.ActiveCfg = KORTest|Win32
		{1033F742-ADB3-EB20-C541-6B53E9F0E077}.KORTest|Win32.Build.0 = KORTest|Win32
		{1033F742-ADB3-EB20-C541-6B53E9F0E077}.KORTestCS_Debug|Win32.ActiveCfg = KORTestCS_Debug|Win32
		{1033F742-ADB3-EB20-C541-6B53E9F0E077}.KORTestCS_Debug|Win32.Build.0 = KORTestCS_Debug|Win32
		{1033F742-ADB3-EB20-C541-6B53E9F0E077}.KORTestCS|Win32.ActiveCfg = KORTestCS|Win32
		{1033F742-ADB3-EB20-C541-6B53E9F0E077}.KORTestCS|Win32.Build.0 = KORTestCS|Win32
		{1033F742-ADB3-EB20-C541-6B53E9F0E077}.Release|Win32.ActiveCfg = Release|Win32
		{1033F742-ADB3-EB20-C541-6B53E9F0E077}.Release|Win32.Build.0 = Release|Win32
		{1033F742-ADB3-EB20-C541-6B53E9F0E077}.TAI_Debug|Win32.ActiveCfg = TAI_Debug|Win32
		{1033F742-ADB3-EB20-C541-6B53E9F0E077}.TAI_Debug|Win32.Build.0 = TAI_Debug|Win32
		{1033F742-ADB3-EB20-C541-6B53E9F0E077}.TAI|Win32.ActiveCfg = TAI|Win32
		{1033F742-ADB3-EB20-C541-6B53E9F0E077}.TAI|Win32.Build.0 = TAI|Win32
		{1033F742-ADB3-EB20-C541-6B53E9F0E077}.TAICS_Debug|Win32.ActiveCfg = TAICS_Debug|Win32
		{1033F742-ADB3-EB20-C541-6B53E9F0E077}.TAICS_Debug|Win32.Build.0 = TAICS_Debug|Win32
		{1033F742-ADB3-EB20-C541-6B53E9F0E077}.TAICS|Win32.ActiveCfg = TAICS|Win32
		{1033F742-ADB3-EB20-C541-6B53E9F0E077}.TAICS|Win32.Build.0 = TAICS|Win32
		{1033F742-ADB3-EB20-C541-6B53E9F0E077}.TAIFree|Win32.ActiveCfg = TAIFree|Win32
		{1033F742-ADB3-EB20-C541-6B53E9F0E077}.TAIFree|Win32.Build.0 = TAIFree|Win32
		{1033F742-ADB3-EB20-C541-6B53E9F0E077}.TAIFreeCS|Win32.ActiveCfg = TAIFreeCS|Win32
		{1033F742-ADB3-EB20-C541-6B53E9F0E077}.TAIFreeCS|Win32.Build.0 = TAIFreeCS|Win32
		{1033F742-ADB3-EB20-C541-6B53E9F0E077}.USA_Debug|Win32.ActiveCfg = USA_Debug|Win32
		{1033F742-ADB3-EB20-C541-6B53E9F0E077}.USA_Debug|Win32.Build.0 = USA_Debug|Win32
		{1033F742-ADB3-EB20-C541-6B53E9F0E077}.USA|Win32.ActiveCfg = USA|Win32
		{1033F742-ADB3-EB20-C541-6B53E9F0E077}.USA|Win32.Build.0 = USA|Win32
		{1033F742-ADB3-EB20-C541-6B53E9F0E077}.USACS_Debug|Win32.ActiveCfg = USACS_Debug|Win32
		{1033F742-ADB3-EB20-C541-6B53E9F0E077}.USACS_Debug|Win32.Build.0 = USACS_Debug|Win32
		{1033F742-ADB3-EB20-C541-6B53E9F0E077}.USACS|Win32.ActiveCfg = USACS|Win32
		{1033F742-ADB3-EB20-C541-6B53E9F0E077}.USACS|Win32.Build.0 = USACS|Win32
		{1033F742-ADB3-EB20-C541-6B53E9F0E077}.VIE_Debug|Win32.ActiveCfg = VIE_Debug|Win32
		{1033F742-ADB3-EB20-C541-6B53E9F0E077}.VIE_Debug|Win32.Build.0 = VIE_Debug|Win32
		{1033F742-ADB3-EB20-C541-6B53E9F0E077}.VIE|Win32.ActiveCfg = VIE|Win32
		{1033F742-ADB3-EB20-C541-6B53E9F0E077}.VIE|Win32.Build.0 = VIE|Win32
		{1033F742-ADB3-EB20-C541-6B53E9F0E077}.VIECS_Debug|Win32.ActiveCfg = VIECS_Debug|Win32
		{1033F742-ADB3-EB20-C541-6B53E9F0E077}.VIECS_Debug|Win32.Build.0 = VIECS_Debug|Win32
		{1033F742-ADB3-EB20-C541-6B53E9F0E077}.VIECS|Win32.ActiveCfg = VIECS|Win32
		{1033F742-ADB3-EB20-C541-6B53E9F0E077}.VIECS|Win32.Build.0 = VIECS|Win32
	EndGlobalSection
	GlobalSection(SolutionProperties) = preSolution
		HideSolutionNode = FALSE
	EndGlobalSection
EndGlobal
